{
    "_meta": {
        "hash": {
            "sha256": "76593b295ca9a94a3d2e5ed0bad5b4ac476e1f1a1c48efb00cb5a0e578a82a89"
        },
        "pipfile-spec": 6,
        "requires": {
            "python_version": "3.7"
        },
        "sources": [
            {
                "name": "pypi",
                "url": "https://pypi.tuna.tsinghua.edu.cn/simple/",
                "verify_ssl": true
            }
        ]
    },
    "default": {
        "certifi": {
            "hashes": [
                "sha256:5930595817496dd21bb8dc35dad090f1c2cd0adfaf21204bf6732ca5d8ee34d3",
                "sha256:8fc0819f1f30ba15bdb34cceffb9ef04d99f420f68eb75d901e9560b8749fc41"
            ],
            "version": "==2020.6.20"
        },
        "chardet": {
            "hashes": [
                "sha256:84ab92ed1c4d4f16916e05906b6b75a6c0fb5db821cc65e70cbd64a3e2a5eaae",
                "sha256:fc323ffcaeaed0e0a02bf4d117757b98aed530d9ed4531e3e15460124c106691"
            ],
            "version": "==3.0.4"
        },
        "django": {
            "hashes": [
                "sha256:7c3543e4fb070d14e10926189a7fcf42ba919263b7473dceaefce34d54e8a119",
                "sha256:a2814bffd1f007805b19194eb0b9a331933b82bd5da1c3ba3d7b7ba16e06dc4b"
            ],
            "index": "pypi",
            "version": "==2.2"
        },
        "django-filter": {
            "hashes": [
                "sha256:11e63dd759835d9ba7a763926ffb2662cf8a6dcb4c7971a95064de34dbc7e5af",
                "sha256:616848eab6fc50193a1b3730140c49b60c57a3eda1f7fc57fa8505ac156c6c75"
            ],
            "index": "pypi",
            "version": "==2.3.0"
        },
        "django-mysql": {
            "hashes": [
                "sha256:473e3b01acbc14a85b65e8a8d628ab6957dff0409cf782dde4830726b3731df3",
                "sha256:c47065b347a59ef1e1e4b7330f32a17ac37b5fc286f31409551ee9581047f22b"
            ],
            "index": "pypi",
            "version": "==3.8.1"
        },
        "djangorestframework": {
            "hashes": [
                "sha256:6dd02d5a4bd2516fb93f80360673bf540c3b6641fec8766b1da2870a5aa00b32",
                "sha256:8b1ac62c581dbc5799b03e535854b92fc4053ecfe74bad3f9c05782063d4196b"
            ],
            "index": "pypi",
            "version": "==3.11.1"
        },
        "idna": {
            "hashes": [
                "sha256:b307872f855b18632ce0c21c5e45be78c0ea7ae4c15c828c20788b26921eb3f6",
                "sha256:b97d804b1e9b523befed77c48dacec60e6dcb0b5391d57af6a65a312a90648c0"
            ],
            "version": "==2.10"
        },
        "mysqlclient": {
            "hashes": [
                "sha256:3f39855a4ad22805361e782cc4d1010ac74796225fa2d1c03cc16673ccdc983a",
                "sha256:a6b5648f648b16335e3b1aaec93dc3fcc81a9a661180e306936437cc522c810b",
                "sha256:edd42ccaa444b00702d5374b2f5f7585c9d0ce201917f15339f1c3cf91c1b1ed",
                "sha256:fb2f75aea14722390d2d8ddf384ad99da708c707a96656210a7be8af20a2c5e5"
            ],
            "index": "pypi",
            "version": "==2.0.1"
        },
        "number-precision": {
            "hashes": [
                "sha256:404c53376550d9c159a5675915a26ac922e4533ead1d5aad356d47a33c81dace",
                "sha256:daeb8e5d67df234fb71eb90ea73f765b1eeac2d98490403881326dba384efbfe"
            ],
            "index": "pypi",
            "version": "==2020.10.16"
        },
        "pendulum": {
            "hashes": [
                "sha256:0731f0c661a3cb779d398803655494893c9f581f6488048b3fb629c2342b5394",
                "sha256:1245cd0075a3c6d889f581f6325dd8404aca5884dea7223a5566c38aab94642b",
                "sha256:29c40a6f2942376185728c9a0347d7c0f07905638c83007e1d262781f1e6953a",
                "sha256:2d1619a721df661e506eff8db8614016f0720ac171fe80dda1333ee44e684087",
                "sha256:318f72f62e8e23cd6660dbafe1e346950281a9aed144b5c596b2ddabc1d19739",
                "sha256:33fb61601083f3eb1d15edeb45274f73c63b3c44a8524703dc143f4212bf3269",
                "sha256:3481fad1dc3f6f6738bd575a951d3c15d4b4ce7c82dce37cf8ac1483fde6e8b0",
                "sha256:4c9c689747f39d0d02a9f94fcee737b34a5773803a64a5fdb046ee9cac7442c5",
                "sha256:7c5ec650cb4bec4c63a89a0242cc8c3cebcec92fcfe937c417ba18277d8560be",
                "sha256:94b1fc947bfe38579b28e1cccb36f7e28a15e841f30384b5ad6c5e31055c85d7",
                "sha256:9702069c694306297ed362ce7e3c1ef8404ac8ede39f9b28b7c1a7ad8c3959e3",
                "sha256:b06a0ca1bfe41c990bbf0c029f0b6501a7f2ec4e38bfec730712015e8860f207",
                "sha256:b6c352f4bd32dff1ea7066bd31ad0f71f8d8100b9ff709fb343f3b86cee43efe",
                "sha256:c501749fdd3d6f9e726086bf0cd4437281ed47e7bca132ddb522f86a1645d360",
                "sha256:c807a578a532eeb226150d5006f156632df2cc8c5693d778324b43ff8c515dd0",
                "sha256:db0a40d8bcd27b4fb46676e8eb3c732c67a5a5e6bfab8927028224fbced0b40b",
                "sha256:de42ea3e2943171a9e95141f2eecf972480636e8e484ccffaf1e833929e9e052",
                "sha256:e95d329384717c7bf627bf27e204bc3b15c8238fa8d9d9781d93712776c14002",
                "sha256:f5e236e7730cab1644e1b87aca3d2ff3e375a608542e90fe25685dae46310116",
                "sha256:f888f2d2909a414680a29ae74d0592758f2b9fcdee3549887779cd4055e975db",
                "sha256:fb53ffa0085002ddd43b6ca61a7b34f2d4d7c3ed66f931fe599e1a531b42af9b"
            ],
            "index": "pypi",
            "version": "==2.1.2"
        },
        "python-dateutil": {
            "hashes": [
                "sha256:73ebfe9dbf22e832286dafa60473e4cd239f8592f699aa5adaf10050e6e1823c",
                "sha256:75bb3f31ea686f1197762692a9ee6a7550b59fc6ca3a1f4b5d7e32fb98e2da2a"
            ],
            "version": "==2.8.1"
        },
        "pytz": {
            "hashes": [
                "sha256:a494d53b6d39c3c6e44c3bec237336e14305e4f29bbf800b599253057fbb79ed",
                "sha256:c35965d010ce31b23eeb663ed3cc8c906275d6be1a34393a1d73a41febf4a048"
            ],
            "version": "==2020.1"
        },
        "pytzdata": {
            "hashes": [
                "sha256:3efa13b335a00a8de1d345ae41ec78dd11c9f8807f522d39850f2dd828681540",
                "sha256:e1e14750bcf95016381e4d472bad004eef710f2d6417240904070b3d6654485f"
            ],
            "version": "==2020.1"
        },
        "requests": {
            "hashes": [
                "sha256:b3559a131db72c33ee969480840fff4bb6dd111de7dd27c8ee1f820f4f00231b",
                "sha256:fe75cc94a9443b9246fc7049224f75604b113c36acb93f87b80ed42c44cbb898"
            ],
            "index": "pypi",
            "version": "==2.24.0"
        },
        "six": {
            "hashes": [
                "sha256:30639c035cdb23534cd4aa2dd52c3bf48f06e5f4a941509c8bafd8ce11080259",
                "sha256:8b74bedcbbbaca38ff6d7491d76f2b06b3592611af620f8426e82dddb04a5ced"
            ],
            "version": "==1.15.0"
        },
        "sqlparse": {
            "hashes": [
                "sha256:017cde379adbd6a1f15a61873f43e8274179378e95ef3fede90b5aa64d304ed0",
                "sha256:0f91fd2e829c44362cbcfab3e9ae12e22badaa8a29ad5ff599f9ec109f0454e8"
            ],
            "version": "==0.4.1"
        },
        "urllib3": {
            "hashes": [
                "sha256:8d7eaa5a82a1cac232164990f04874c594c9453ec55eef02eab885aa02fc17a2",
                "sha256:f5321fbe4bf3fefa0efd0bfe7fb14e90909eb62a48ccda331726b4319897dd5e"
            ],
            "version": "==1.25.11"
        },
        "xlrd": {
            "hashes": [
                "sha256:546eb36cee8db40c3eaa46c351e67ffee6eeb5fa2650b71bc4c758a29a1b29b2",
                "sha256:e551fb498759fa3a5384a94ccd4c3c02eb7c00ea424426e212ac0c57be9dfbde"
            ],
            "index": "pypi",
            "version": "==1.2.0"
        },
        "xlwt": {
            "hashes": [
                "sha256:a082260524678ba48a297d922cc385f58278b8aa68741596a87de01a9c628b2e",
                "sha256:c59912717a9b28f1a3c2a98fd60741014b06b043936dcecbc113eaaada156c88"
            ],
            "index": "pypi",
            "version": "==1.3.0"
        }
    },
    "develop": {
        "autopep8": {
            "hashes": [
                "sha256:d21d3901cb0da6ebd1e83fc9b0dfbde8b46afc2ede4fe32fbda0c7c6118ca094"
            ],
            "index": "pypi",
            "version": "==1.5.4"
        },
        "pycodestyle": {
            "hashes": [
                "sha256:2295e7b2f6b5bd100585ebcb1f616591b652db8a741695b3d8f5d28bdc934367",
                "sha256:c58a7d2815e0e8d7972bf1803331fb0152f867bd89adf8a01dfd55085434192e"
            ],
            "version": "==2.6.0"
        },
        "pymysql": {
            "hashes": [
                "sha256:263040d2779a3b84930f7ac9da5132be0fefcd6f453a885756656103f8ee1fdd",
                "sha256:44f47128dda8676e021c8d2dbb49a82be9e4ab158b9f03e897152a3a287c69ea"
            ],
            "index": "pypi",
            "version": "==0.10.1"
        },
        "toml": {
            "hashes": [
                "sha256:926b612be1e5ce0634a2ca03470f95169cf16f939018233a670519cb4ac58b0f",
                "sha256:bda89d5935c2eac546d648028b9901107a595863cb36bae0c73ac804a9b4ce88"
            ],
            "version": "==0.10.1"
        }
    }
}
